
Microsoft Visual Studio Solution File, Format Version 12.00
Project("{FAE04EC0-301F-11D3-BF4B-00C04F79EFBC}") = "Marathon", "Marathon\Marathon.csproj", "{DFA62078-024D-4D92-BD01-ACFFA4B86178}"
EndProject
Global
	GlobalSection(SolutionConfigurationPlatforms) = preSolution
		Debug|Any CPU = Debug|Any CPU
		Release|Any CPU = Release|Any CPU
	EndGlobalSection
	GlobalSection(ProjectConfigurationPlatforms) = postSolution
		{DFA62078-024D-4D92-BD01-ACFFA4B86178}.Debug|Any CPU.ActiveCfg = Debug|Any CPU
		{DFA62078-024D-4D92-BD01-ACFFA4B86178}.Debug|Any CPU.Build.0 = Debug|Any CPU
		{DFA62078-024D-4D92-BD01-ACFFA4B86178}.Release|Any CPU.ActiveCfg = Release|Any CPU
		{DFA62078-024D-4D92-BD01-ACFFA4B86178}.Release|Any CPU.Build.0 = Release|Any CPU
	EndGlobalSection
EndGlobal
